
Microsoft Visual Studio Solution File, Format Version 12.00
# Visual Studio Version 17
VisualStudioVersion = 17.5.002.0
MinimumVisualStudioVersion = 10.0.40219.1
Project("{9A19103F-16F7-4668-BE54-9A1E7A4F7556}") = "ServiceAtkKiller", "ServiceAtkKiller.csproj", "{171AF787-21FE-48B0-813F-C1E2EDBB5E5B}"
EndProject
Global
	GlobalSection(SolutionConfigurationPlatforms) = preSolution
		Debug|Any CPU = Debug|Any CPU
		Release|Any CPU = Release|Any CPU
	EndGlobalSection
	GlobalSection(ProjectConfigurationPlatforms) = postSolution
		{171AF787-21FE-48B0-813F-C1E2EDBB5E5B}.Debug|Any CPU.ActiveCfg = Debug|Any CPU
		{171AF787-21FE-48B0-813F-C1E2EDBB5E5B}.Debug|Any CPU.Build.0 = Debug|Any CPU
		{171AF787-21FE-48B0-813F-C1E2EDBB5E5B}.Release|Any CPU.ActiveCfg = Release|Any CPU
		{171AF787-21FE-48B0-813F-C1E2EDBB5E5B}.Release|Any CPU.Build.0 = Release|Any CPU
	EndGlobalSection
	GlobalSection(SolutionProperties) = preSolution
		HideSolutionNode = FALSE
	EndGlobalSection
	GlobalSection(ExtensibilityGlobals) = postSolution
		SolutionGuid = {9756FBBB-5139-4A19-8A99-704752C9AC5F}
	EndGlobalSection
EndGlobal
